{
  "object": {
    "pins": [
      {
        "package": "CocoaFob",
        "repositoryURL": "https://github.com/glebd/cocoafob",
        "state": {
          "branch": "xcode-14",
          "revision": "ac8d67d32c6d6b889584a3471dc41b3b903bb63c",
          "version": null
        }
      }
    ]
  },
  "version": 1
}
