{
  "object": {
    "pins": [
      {
        "package": "CocoaFob",
        "repositoryURL": "https://github.com/glebd/cocoafob",
        "state": {
          "branch": null,
          "revision": "72a8a15095228366e2b2f955ada475e2c5c5cf17",
          "version": "2.2.1"
        }
      }
    ]
  },
  "version": 1
}
